{
  "name": "moneybot-frontend",
  "lockfileVersion": 3,
  "requires": true,
  "packages": {
    "": {
      "dependencies": {
        "@types/identicon.js": "^2.3.4"
      }
    },
    "node_modules/@types/identicon.js": {
      "version": "2.3.4",
      "resolved": "https://registry.npmjs.org/@types/identicon.js/-/identicon.js-2.3.4.tgz",
      "integrity": "sha512-42BX/aLYVGG556xw8ovxcwFb5B2NgEiDX+NCx/eWQSB6wAQd/1LRWauhoF+JZSEr4XqbQThPNSXlgW+MjItS9w=="
    }
  }
}
